
Microsoft Visual Studio Solution File, Format Version 12.00
# Visual Studio Version 16
VisualStudioVersion = 16.0.31313.79
MinimumVisualStudioVersion = 10.0.40219.1
Project("{9A19103F-16F7-4668-BE54-9A1E7A4F7556}") = "TrackerLibrary", "TrackerLibrary\TrackerLibrary.csproj", "{0DCCA198-6CEC-4995-82A4-1116D19FDA6D}"
EndProject
Project("{FAE04EC0-301F-11D3-BF4B-00C04F79EFBC}") = "TrackerUI", "TrackerUI\TrackerUI.csproj", "{EEB14057-90F8-4D5F-BAFF-4A60F5DB9999}"
EndProject
Global
	GlobalSection(SolutionConfigurationPlatforms) = preSolution
		Debug|Any CPU = Debug|Any CPU
		Release|Any CPU = Release|Any CPU
	EndGlobalSection
	GlobalSection(ProjectConfigurationPlatforms) = postSolution
		{0DCCA198-6CEC-4995-82A4-1116D19FDA6D}.Debug|Any CPU.ActiveCfg = Debug|Any CPU
		{0DCCA198-6CEC-4995-82A4-1116D19FDA6D}.Debug|Any CPU.Build.0 = Debug|Any CPU
		{0DCCA198-6CEC-4995-82A4-1116D19FDA6D}.Release|Any CPU.ActiveCfg = Release|Any CPU
		{0DCCA198-6CEC-4995-82A4-1116D19FDA6D}.Release|Any CPU.Build.0 = Release|Any CPU
		{EEB14057-90F8-4D5F-BAFF-4A60F5DB9999}.Debug|Any CPU.ActiveCfg = Debug|Any CPU
		{EEB14057-90F8-4D5F-BAFF-4A60F5DB9999}.Debug|Any CPU.Build.0 = Debug|Any CPU
		{EEB14057-90F8-4D5F-BAFF-4A60F5DB9999}.Release|Any CPU.ActiveCfg = Release|Any CPU
		{EEB14057-90F8-4D5F-BAFF-4A60F5DB9999}.Release|Any CPU.Build.0 = Release|Any CPU
	EndGlobalSection
	GlobalSection(SolutionProperties) = preSolution
		HideSolutionNode = FALSE
	EndGlobalSection
	GlobalSection(ExtensibilityGlobals) = postSolution
		SolutionGuid = {2D5DF364-1413-4B16-B1C1-1F48FAD26043}
	EndGlobalSection
EndGlobal
